{
  "name": "runner-cleaner",
  "version": "1.0.0",
  "lockfileVersion": 1,
  "requires": true,
  "dependencies": {
    "@aws-cdk/assets": {
      "version": "1.121.0",
      "resolved": "https://registry.npmjs.org/@aws-cdk/assets/-/assets-1.121.0.tgz",
      "integrity": "sha512-aBdSAIof3h71sMscJLK6aL7IyjQ8oavpRb8LexWobGmlg+5Bi36M2qIUm2sv49mjVkEuWM5BOiS8E2ntvM4hZg==",
      "requires": {
        "@aws-cdk/core": "1.121.0",
        "@aws-cdk/cx-api": "1.121.0",
        "constructs": "^3.3.69"
      }
    },
    "@aws-cdk/aws-applicationautoscaling": {
      "version": "1.121.0",
      "resolved": "https://registry.npmjs.org/@aws-cdk/aws-applicationautoscaling/-/aws-applicationautoscaling-1.121.0.tgz",
      "integrity": "sha512-ujGDc+QkcJ5BGKh9FFHJ199oUlYY9Gh+cWffOJfZRaQnnCbkFicdo27iWnoewiSYUHLtzCPjxY1hzn6Xyfr2cg==",
      "requires": {
        "@aws-cdk/aws-autoscaling-common": "1.121.0",
        "@aws-cdk/aws-cloudwatch": "1.121.0",
        "@aws-cdk/aws-iam": "1.121.0",
        "@aws-cdk/core": "1.121.0",
        "constructs": "^3.3.69"
      }
    },
    "@aws-cdk/aws-autoscaling-common": {
      "version": "1.121.0",
      "resolved": "https://registry.npmjs.org/@aws-cdk/aws-autoscaling-common/-/aws-autoscaling-common-1.121.0.tgz",
      "integrity": "sha512-e/T4MHY2KA1DctmjCHiHM9Mns9z6XFsSFtMLQHRJ6sC8OS3ZZAQBiyOLtbnO5kTzHMRaVX0wTWi62Q+9bCjJNg==",
      "requires": {
        "@aws-cdk/aws-iam": "1.121.0",
        "@aws-cdk/core": "1.121.0",
        "constructs": "^3.3.69"
      }
    },
    "@aws-cdk/aws-cloudwatch": {
      "version": "1.121.0",
      "resolved": "https://registry.npmjs.org/@aws-cdk/aws-cloudwatch/-/aws-cloudwatch-1.121.0.tgz",
      "integrity": "sha512-B8cMXzbvmlmABfKXDVU3zACxfhpbkLJD70ZpIkfN/qHe0FvC8KHtHYK2ZOQ+KY2qw0ERon4gzTy9jFETaoAmMQ==",
      "requires": {
        "@aws-cdk/aws-iam": "1.121.0",
        "@aws-cdk/core": "1.121.0",
        "constructs": "^3.3.69"
      }
    },
    "@aws-cdk/aws-codeguruprofiler": {
      "version": "1.121.0",
      "resolved": "https://registry.npmjs.org/@aws-cdk/aws-codeguruprofiler/-/aws-codeguruprofiler-1.121.0.tgz",
      "integrity": "sha512-nkeCIyixHxKVT3JFEJD+AcIcN4oSIVpm04RF/E4L4RfKMIKFoDeI0gWvr5QirJqU3irlU2SW4gu+jK5DtL9ytA==",
      "requires": {
        "@aws-cdk/aws-iam": "1.121.0",
        "@aws-cdk/core": "1.121.0",
        "constructs": "^3.3.69"
      }
    },
    "@aws-cdk/aws-ec2": {
      "version": "1.121.0",
      "resolved": "https://registry.npmjs.org/@aws-cdk/aws-ec2/-/aws-ec2-1.121.0.tgz",
      "integrity": "sha512-IfqLCOV/3UTzEjfk2VKxOJ5xBnl5lEXBBVFtYz3VUFlaDvTkoYwVW8qpE8VHfNyRcBSvwfpUBO3vi+iDqCdV+g==",
      "requires": {
        "@aws-cdk/aws-cloudwatch": "1.121.0",
        "@aws-cdk/aws-iam": "1.121.0",
        "@aws-cdk/aws-kms": "1.121.0",
        "@aws-cdk/aws-logs": "1.121.0",
        "@aws-cdk/aws-s3": "1.121.0",
        "@aws-cdk/aws-s3-assets": "1.121.0",
        "@aws-cdk/aws-ssm": "1.121.0",
        "@aws-cdk/cloud-assembly-schema": "1.121.0",
        "@aws-cdk/core": "1.121.0",
        "@aws-cdk/cx-api": "1.121.0",
        "@aws-cdk/region-info": "1.121.0",
        "constructs": "^3.3.69"
      }
    },
    "@aws-cdk/aws-ecr": {
      "version": "1.121.0",
      "resolved": "https://registry.npmjs.org/@aws-cdk/aws-ecr/-/aws-ecr-1.121.0.tgz",
      "integrity": "sha512-IGyri1sSiPAudYjWsVPZeR2VXEmAPXdeeAaX913vE0FHEou8qiav4Wj0aj6WL/vKA+d+v9WARZZ4bQ1auCOIWg==",
      "requires": {
        "@aws-cdk/aws-events": "1.121.0",
        "@aws-cdk/aws-iam": "1.121.0",
        "@aws-cdk/core": "1.121.0",
        "constructs": "^3.3.69"
      }
    },
    "@aws-cdk/aws-ecr-assets": {
      "version": "1.121.0",
      "resolved": "https://registry.npmjs.org/@aws-cdk/aws-ecr-assets/-/aws-ecr-assets-1.121.0.tgz",
      "integrity": "sha512-rw2lJO4mTOJKoBygX6aVl/Io9wUniIwPviB+KVBEGYIuRajV7gc8VzF29K0mztb9r48kWgvaVxWAExjNt8ppjw==",
      "requires": {
        "@aws-cdk/assets": "1.121.0",
        "@aws-cdk/aws-ecr": "1.121.0",
        "@aws-cdk/aws-iam": "1.121.0",
        "@aws-cdk/aws-s3": "1.121.0",
        "@aws-cdk/core": "1.121.0",
        "@aws-cdk/cx-api": "1.121.0",
        "constructs": "^3.3.69",
        "minimatch": "^3.0.4"
      },
      "dependencies": {
        "balanced-match": {
          "version": "1.0.2",
          "bundled": true
        },
        "brace-expansion": {
          "version": "1.1.11",
          "bundled": true,
          "requires": {
            "balanced-match": "^1.0.0",
            "concat-map": "0.0.1"
          }
        },
        "concat-map": {
          "version": "0.0.1",
          "bundled": true
        },
        "minimatch": {
          "version": "3.0.4",
          "bundled": true,
          "requires": {
            "brace-expansion": "^1.1.7"
          }
        }
      }
    },
    "@aws-cdk/aws-efs": {
      "version": "1.121.0",
      "resolved": "https://registry.npmjs.org/@aws-cdk/aws-efs/-/aws-efs-1.121.0.tgz",
      "integrity": "sha512-VUJfDLkXnkTGJbWmyb0uVy8UqvkViUyHkK5sqkmq2L+TomDdOI9nYWvrO98i2C0OKCNfSKOnUi+qU7l3UlraFQ==",
      "requires": {
        "@aws-cdk/aws-ec2": "1.121.0",
        "@aws-cdk/aws-iam": "1.121.0",
        "@aws-cdk/aws-kms": "1.121.0",
        "@aws-cdk/cloud-assembly-schema": "1.121.0",
        "@aws-cdk/core": "1.121.0",
        "@aws-cdk/cx-api": "1.121.0",
        "constructs": "^3.3.69"
      }
    },
    "@aws-cdk/aws-events": {
      "version": "1.121.0",
      "resolved": "https://registry.npmjs.org/@aws-cdk/aws-events/-/aws-events-1.121.0.tgz",
      "integrity": "sha512-ts8X9s0Y/kXAdE5dFluXdYDlm+5519dn87NsJ4YHc7/hngOmgnxzXWaMgaKpwT2jdizFKO0plD8r0UAzSqP8vA==",
      "requires": {
        "@aws-cdk/aws-iam": "1.121.0",
        "@aws-cdk/core": "1.121.0",
        "constructs": "^3.3.69"
      }
    },
    "@aws-cdk/aws-iam": {
      "version": "1.121.0",
      "resolved": "https://registry.npmjs.org/@aws-cdk/aws-iam/-/aws-iam-1.121.0.tgz",
      "integrity": "sha512-a5zxk0LATHAT8mlEF9ZahR3uJpCqgJRj0NHbAcKsN7N3XBVLwCeKjY6TYeJFZi4LLa96XkaLY99QCZym7r5gNQ==",
      "requires": {
        "@aws-cdk/core": "1.121.0",
        "@aws-cdk/region-info": "1.121.0",
        "constructs": "^3.3.69"
      }
    },
    "@aws-cdk/aws-kms": {
      "version": "1.121.0",
      "resolved": "https://registry.npmjs.org/@aws-cdk/aws-kms/-/aws-kms-1.121.0.tgz",
      "integrity": "sha512-kqz0HeC6q2di9zDSpNAtpAw6XpQs0cQ9YYzygD9Rx8LCpzpuLABAE7CeRetA7Q7VMJ44sAAlV4OMtpeB6c7iEw==",
      "requires": {
        "@aws-cdk/aws-iam": "1.121.0",
        "@aws-cdk/core": "1.121.0",
        "@aws-cdk/cx-api": "1.121.0",
        "constructs": "^3.3.69"
      }
    },
    "@aws-cdk/aws-lambda": {
      "version": "1.121.0",
      "resolved": "https://registry.npmjs.org/@aws-cdk/aws-lambda/-/aws-lambda-1.121.0.tgz",
      "integrity": "sha512-Kl+amSrT9ucDH9oDptOtgDrtnCrBapQ76RFywMDdyuBpAGtnD1Mf9JuFjYFlzZSnEMrS3qO5LTXZrlSYNLGyEQ==",
      "requires": {
        "@aws-cdk/aws-applicationautoscaling": "1.121.0",
        "@aws-cdk/aws-cloudwatch": "1.121.0",
        "@aws-cdk/aws-codeguruprofiler": "1.121.0",
        "@aws-cdk/aws-ec2": "1.121.0",
        "@aws-cdk/aws-ecr": "1.121.0",
        "@aws-cdk/aws-ecr-assets": "1.121.0",
        "@aws-cdk/aws-efs": "1.121.0",
        "@aws-cdk/aws-events": "1.121.0",
        "@aws-cdk/aws-iam": "1.121.0",
        "@aws-cdk/aws-kms": "1.121.0",
        "@aws-cdk/aws-logs": "1.121.0",
        "@aws-cdk/aws-s3": "1.121.0",
        "@aws-cdk/aws-s3-assets": "1.121.0",
        "@aws-cdk/aws-signer": "1.121.0",
        "@aws-cdk/aws-sqs": "1.121.0",
        "@aws-cdk/core": "1.121.0",
        "@aws-cdk/cx-api": "1.121.0",
        "@aws-cdk/region-info": "1.121.0",
        "constructs": "^3.3.69"
      }
    },
    "@aws-cdk/aws-logs": {
      "version": "1.121.0",
      "resolved": "https://registry.npmjs.org/@aws-cdk/aws-logs/-/aws-logs-1.121.0.tgz",
      "integrity": "sha512-U8gXhq6MZI+pIKiR/kWLWoBVEKa9xbmonOMP9EhZ3x3H472wH4X+6I9Sy+UxSt4ZT8OuhVXW4lSgTOQUM1sdfQ==",
      "requires": {
        "@aws-cdk/aws-cloudwatch": "1.121.0",
        "@aws-cdk/aws-iam": "1.121.0",
        "@aws-cdk/aws-kms": "1.121.0",
        "@aws-cdk/aws-s3-assets": "1.121.0",
        "@aws-cdk/core": "1.121.0",
        "constructs": "^3.3.69"
      }
    },
    "@aws-cdk/aws-s3": {
      "version": "1.121.0",
      "resolved": "https://registry.npmjs.org/@aws-cdk/aws-s3/-/aws-s3-1.121.0.tgz",
      "integrity": "sha512-9yqLLYlPQQri5pgMi1lMREGlVO2JC5pOlJZzm4bE7ED2hrE1QnXEm9fWVNmXcTBZnporBwUjyFngmQ56Diwjdw==",
      "requires": {
        "@aws-cdk/aws-events": "1.121.0",
        "@aws-cdk/aws-iam": "1.121.0",
        "@aws-cdk/aws-kms": "1.121.0",
        "@aws-cdk/core": "1.121.0",
        "@aws-cdk/cx-api": "1.121.0",
        "constructs": "^3.3.69"
      }
    },
    "@aws-cdk/aws-s3-assets": {
      "version": "1.121.0",
      "resolved": "https://registry.npmjs.org/@aws-cdk/aws-s3-assets/-/aws-s3-assets-1.121.0.tgz",
      "integrity": "sha512-PB4zwzx1XrZVJJdIfDFDAdmgDlmDNJeoj+1MJqnNvdaauYMYr5zdWzuRon1/969KuXX+hdHNSWlotQgahFY0OA==",
      "requires": {
        "@aws-cdk/assets": "1.121.0",
        "@aws-cdk/aws-iam": "1.121.0",
        "@aws-cdk/aws-kms": "1.121.0",
        "@aws-cdk/aws-s3": "1.121.0",
        "@aws-cdk/core": "1.121.0",
        "@aws-cdk/cx-api": "1.121.0",
        "constructs": "^3.3.69"
      }
    },
    "@aws-cdk/aws-signer": {
      "version": "1.121.0",
      "resolved": "https://registry.npmjs.org/@aws-cdk/aws-signer/-/aws-signer-1.121.0.tgz",
      "integrity": "sha512-Z2IoWSPAHfrC8+lolrKtqQIUPKovQhFH/ko9CLURFqHxeQh2V3n7Cc+m2t9OdXM7yOdkGzWmex/J3gj4pKYxCA==",
      "requires": {
        "@aws-cdk/core": "1.121.0",
        "constructs": "^3.3.69"
      }
    },
    "@aws-cdk/aws-sqs": {
      "version": "1.121.0",
      "resolved": "https://registry.npmjs.org/@aws-cdk/aws-sqs/-/aws-sqs-1.121.0.tgz",
      "integrity": "sha512-nvgYx49qHdFTRYgESmgzy05TuWO7CWHTJOV6KBr5bR5CCDTF5kb/eG6+34YOKTRTKZZHAGrhhGOmUuPvZBeGVw==",
      "requires": {
        "@aws-cdk/aws-cloudwatch": "1.121.0",
        "@aws-cdk/aws-iam": "1.121.0",
        "@aws-cdk/aws-kms": "1.121.0",
        "@aws-cdk/core": "1.121.0",
        "constructs": "^3.3.69"
      }
    },
    "@aws-cdk/aws-ssm": {
      "version": "1.121.0",
      "resolved": "https://registry.npmjs.org/@aws-cdk/aws-ssm/-/aws-ssm-1.121.0.tgz",
      "integrity": "sha512-oDOmsFnsLBqqyNjpToHlrRGPlYCWAXIE7gzVpswuJ0mxwQUHsj4uje0xadbTavL4pnho95oxfqeM2npJ5992xw==",
      "requires": {
        "@aws-cdk/aws-iam": "1.121.0",
        "@aws-cdk/aws-kms": "1.121.0",
        "@aws-cdk/cloud-assembly-schema": "1.121.0",
        "@aws-cdk/core": "1.121.0",
        "constructs": "^3.3.69"
      }
    },
    "@aws-cdk/cloud-assembly-schema": {
      "version": "1.121.0",
      "resolved": "https://registry.npmjs.org/@aws-cdk/cloud-assembly-schema/-/cloud-assembly-schema-1.121.0.tgz",
      "integrity": "sha512-q0tcCUFNp/JBGMx4I1JxrtcPSr/ItenGkzSTdAezWApb0b5caAdPQCIAURZe4u7ZASRqdMTb20Lr3s3D7HK7OA==",
      "requires": {
        "jsonschema": "^1.4.0",
        "semver": "^7.3.5"
      },
      "dependencies": {
        "jsonschema": {
          "version": "1.4.0",
          "bundled": true
        },
        "lru-cache": {
          "version": "6.0.0",
          "bundled": true,
          "requires": {
            "yallist": "^4.0.0"
          }
        },
        "semver": {
          "version": "7.3.5",
          "bundled": true,
          "requires": {
            "lru-cache": "^6.0.0"
          }
        },
        "yallist": {
          "version": "4.0.0",
          "bundled": true
        }
      }
    },
    "@aws-cdk/core": {
      "version": "1.121.0",
      "resolved": "https://registry.npmjs.org/@aws-cdk/core/-/core-1.121.0.tgz",
      "integrity": "sha512-TLtDj2t507pv3GrNyosJx24QoJD2NMuvRE8urxLOmoqjANHcl1f21B8kYpcNgH8QGKJDu53xCcVihmXIPPtMvA==",
      "requires": {
        "@aws-cdk/cloud-assembly-schema": "1.121.0",
        "@aws-cdk/cx-api": "1.121.0",
        "@aws-cdk/region-info": "1.121.0",
        "@balena/dockerignore": "^1.0.2",
        "constructs": "^3.3.69",
        "fs-extra": "^9.1.0",
        "ignore": "^5.1.8",
        "minimatch": "^3.0.4"
      },
      "dependencies": {
        "@balena/dockerignore": {
          "version": "1.0.2",
          "bundled": true
        },
        "at-least-node": {
          "version": "1.0.0",
          "bundled": true
        },
        "balanced-match": {
          "version": "1.0.2",
          "bundled": true
        },
        "brace-expansion": {
          "version": "1.1.11",
          "bundled": true,
          "requires": {
            "balanced-match": "^1.0.0",
            "concat-map": "0.0.1"
          }
        },
        "concat-map": {
          "version": "0.0.1",
          "bundled": true
        },
        "fs-extra": {
          "version": "9.1.0",
          "bundled": true,
          "requires": {
            "at-least-node": "^1.0.0",
            "graceful-fs": "^4.2.0",
            "jsonfile": "^6.0.1",
            "universalify": "^2.0.0"
          }
        },
        "graceful-fs": {
          "version": "4.2.6",
          "bundled": true
        },
        "ignore": {
          "version": "5.1.8",
          "bundled": true
        },
        "jsonfile": {
          "version": "6.1.0",
          "bundled": true,
          "requires": {
            "graceful-fs": "^4.1.6",
            "universalify": "^2.0.0"
          }
        },
        "minimatch": {
          "version": "3.0.4",
          "bundled": true,
          "requires": {
            "brace-expansion": "^1.1.7"
          }
        },
        "universalify": {
          "version": "2.0.0",
          "bundled": true
        }
      }
    },
    "@aws-cdk/cx-api": {
      "version": "1.121.0",
      "resolved": "https://registry.npmjs.org/@aws-cdk/cx-api/-/cx-api-1.121.0.tgz",
      "integrity": "sha512-qPI4xFF/tNY9SjBwbrLMcCShLiUm5JELGPkIKgjSAaeL8Hy/0o1zHwiSaAOS9VCVfg5JwvGSqgdZUt5qjxfx3A==",
      "requires": {
        "@aws-cdk/cloud-assembly-schema": "1.121.0",
        "semver": "^7.3.5"
      },
      "dependencies": {
        "lru-cache": {
          "version": "6.0.0",
          "bundled": true,
          "requires": {
            "yallist": "^4.0.0"
          }
        },
        "semver": {
          "version": "7.3.5",
          "bundled": true,
          "requires": {
            "lru-cache": "^6.0.0"
          }
        },
        "yallist": {
          "version": "4.0.0",
          "bundled": true
        }
      }
    },
    "@aws-cdk/region-info": {
      "version": "1.121.0",
      "resolved": "https://registry.npmjs.org/@aws-cdk/region-info/-/region-info-1.121.0.tgz",
      "integrity": "sha512-yls/qfysAOhgrHseM7rtqV7eIffS9XNPOBv5xjfDTNvY/cpheDUMq6s47UIdTP5lYv1lJToYKGe7qTVxunpjPg=="
    },
    "@cspotcode/source-map-consumer": {
      "version": "0.8.0",
      "resolved": "https://registry.npmjs.org/@cspotcode/source-map-consumer/-/source-map-consumer-0.8.0.tgz",
      "integrity": "sha512-41qniHzTU8yAGbCp04ohlmSrZf8bkf/iJsl3V0dRGsQN/5GFfx+LbCSsCpp2gqrqjTVg/K6O8ycoV35JIwAzAg==",
      "dev": true
    },
    "@cspotcode/source-map-support": {
      "version": "0.6.1",
      "resolved": "https://registry.npmjs.org/@cspotcode/source-map-support/-/source-map-support-0.6.1.tgz",
      "integrity": "sha512-DX3Z+T5dt1ockmPdobJS/FAsQPW4V4SrWEhD2iYQT2Cb2tQsiMnYxrcUH9By/Z3B+v0S5LMBkQtV/XOBbpLEOg==",
      "dev": true,
      "requires": {
        "@cspotcode/source-map-consumer": "0.8.0"
      }
    },
    "@octokit/auth-token": {
      "version": "2.4.5",
      "resolved": "https://registry.npmjs.org/@octokit/auth-token/-/auth-token-2.4.5.tgz",
      "integrity": "sha512-BpGYsPgJt05M7/L/5FoE1PiAbdxXFZkX/3kDYcsvd1v6UhlnE5e96dTDr0ezX/EFwciQxf3cNV0loipsURU+WA==",
      "requires": {
        "@octokit/types": "^6.0.3"
      }
    },
    "@octokit/core": {
      "version": "3.5.1",
      "resolved": "https://registry.npmjs.org/@octokit/core/-/core-3.5.1.tgz",
      "integrity": "sha512-omncwpLVxMP+GLpLPgeGJBF6IWJFjXDS5flY5VbppePYX9XehevbDykRH9PdCdvqt9TS5AOTiDide7h0qrkHjw==",
      "requires": {
        "@octokit/auth-token": "^2.4.4",
        "@octokit/graphql": "^4.5.8",
        "@octokit/request": "^5.6.0",
        "@octokit/request-error": "^2.0.5",
        "@octokit/types": "^6.0.3",
        "before-after-hook": "^2.2.0",
        "universal-user-agent": "^6.0.0"
      }
    },
    "@octokit/endpoint": {
      "version": "6.0.12",
      "resolved": "https://registry.npmjs.org/@octokit/endpoint/-/endpoint-6.0.12.tgz",
      "integrity": "sha512-lF3puPwkQWGfkMClXb4k/eUT/nZKQfxinRWJrdZaJO85Dqwo/G0yOC434Jr2ojwafWJMYqFGFa5ms4jJUgujdA==",
      "requires": {
        "@octokit/types": "^6.0.3",
        "is-plain-object": "^5.0.0",
        "universal-user-agent": "^6.0.0"
      }
    },
    "@octokit/graphql": {
      "version": "4.8.0",
      "resolved": "https://registry.npmjs.org/@octokit/graphql/-/graphql-4.8.0.tgz",
      "integrity": "sha512-0gv+qLSBLKF0z8TKaSKTsS39scVKF9dbMxJpj3U0vC7wjNWFuIpL/z76Qe2fiuCbDRcJSavkXsVtMS6/dtQQsg==",
      "requires": {
        "@octokit/request": "^5.6.0",
        "@octokit/types": "^6.0.3",
        "universal-user-agent": "^6.0.0"
      }
    },
    "@octokit/openapi-types": {
      "version": "10.0.0",
      "resolved": "https://registry.npmjs.org/@octokit/openapi-types/-/openapi-types-10.0.0.tgz",
      "integrity": "sha512-k1iO2zKuEjjRS1EJb4FwSLk+iF6EGp+ZV0OMRViQoWhQ1fZTk9hg1xccZII5uyYoiqcbC73MRBmT45y1vp2PPg=="
    },
    "@octokit/request": {
      "version": "5.6.1",
      "resolved": "https://registry.npmjs.org/@octokit/request/-/request-5.6.1.tgz",
      "integrity": "sha512-Ls2cfs1OfXaOKzkcxnqw5MR6drMA/zWX/LIS/p8Yjdz7QKTPQLMsB3R+OvoxE6XnXeXEE2X7xe4G4l4X0gRiKQ==",
      "requires": {
        "@octokit/endpoint": "^6.0.1",
        "@octokit/request-error": "^2.1.0",
        "@octokit/types": "^6.16.1",
        "is-plain-object": "^5.0.0",
        "node-fetch": "^2.6.1",
        "universal-user-agent": "^6.0.0"
      }
    },
    "@octokit/request-error": {
      "version": "2.1.0",
      "resolved": "https://registry.npmjs.org/@octokit/request-error/-/request-error-2.1.0.tgz",
      "integrity": "sha512-1VIvgXxs9WHSjicsRwq8PlR2LR2x6DwsJAaFgzdi0JfJoGSO8mYI/cHJQ+9FbN21aa+DrgNLnwObmyeSC8Rmpg==",
      "requires": {
        "@octokit/types": "^6.0.3",
        "deprecation": "^2.0.0",
        "once": "^1.4.0"
      }
    },
    "@octokit/types": {
      "version": "6.26.0",
      "resolved": "https://registry.npmjs.org/@octokit/types/-/types-6.26.0.tgz",
      "integrity": "sha512-RDxZBAFMtqs1ZPnbUu1e7ohPNfoNhTiep4fErY7tZs995BeHu369Vsh5woMIaFbllRWEZBfvTCS4hvDnMPiHrA==",
      "requires": {
        "@octokit/openapi-types": "^10.0.0"
      }
    },
    "@tsconfig/node10": {
      "version": "1.0.8",
      "resolved": "https://registry.npmjs.org/@tsconfig/node10/-/node10-1.0.8.tgz",
      "integrity": "sha512-6XFfSQmMgq0CFLY1MslA/CPUfhIL919M1rMsa5lP2P097N2Wd1sSX0tx1u4olM16fLNhtHZpRhedZJphNJqmZg==",
      "dev": true
    },
    "@tsconfig/node12": {
      "version": "1.0.9",
      "resolved": "https://registry.npmjs.org/@tsconfig/node12/-/node12-1.0.9.tgz",
      "integrity": "sha512-/yBMcem+fbvhSREH+s14YJi18sp7J9jpuhYByADT2rypfajMZZN4WQ6zBGgBKp53NKmqI36wFYDb3yaMPurITw==",
      "dev": true
    },
    "@tsconfig/node14": {
      "version": "1.0.1",
      "resolved": "https://registry.npmjs.org/@tsconfig/node14/-/node14-1.0.1.tgz",
      "integrity": "sha512-509r2+yARFfHHE7T6Puu2jjkoycftovhXRqW328PDXTVGKihlb1P8Z9mMZH04ebyajfRY7dedfGynlrFHJUQCg==",
      "dev": true
    },
    "@tsconfig/node16": {
      "version": "1.0.2",
      "resolved": "https://registry.npmjs.org/@tsconfig/node16/-/node16-1.0.2.tgz",
      "integrity": "sha512-eZxlbI8GZscaGS7kkc/trHTT5xgrjH3/1n2JDwusC9iahPKWMRvRjJSAN5mCXviuTGQ/lHnhvv8Q1YTpnfz9gA==",
      "dev": true
    },
    "acorn": {
      "version": "8.4.1",
      "resolved": "https://registry.npmjs.org/acorn/-/acorn-8.4.1.tgz",
      "integrity": "sha512-asabaBSkEKosYKMITunzX177CXxQ4Q8BSSzMTKD+FefUhipQC70gfW5SiUDhYQ3vk8G+81HqQk7Fv9OXwwn9KA==",
      "dev": true
    },
    "acorn-walk": {
      "version": "8.1.1",
      "resolved": "https://registry.npmjs.org/acorn-walk/-/acorn-walk-8.1.1.tgz",
      "integrity": "sha512-FbJdceMlPHEAWJOILDk1fXD8lnTlEIWFkqtfk+MvmL5q/qlHfN7GEHcsFZWt/Tea9jRNPWUZG4G976nqAAmU9w==",
      "dev": true
    },
    "arg": {
      "version": "4.1.3",
      "resolved": "https://registry.npmjs.org/arg/-/arg-4.1.3.tgz",
      "integrity": "sha512-58S9QDqG0Xx27YwPSt9fJxivjYl432YCwfDMfZ+71RAqUrZef7LrKQZ3LHLOwCS4FLNBplP533Zx895SeOCHvA==",
      "dev": true
    },
    "aws-sdk": {
      "version": "2.981.0",
      "resolved": "https://registry.npmjs.org/aws-sdk/-/aws-sdk-2.981.0.tgz",
      "integrity": "sha512-Itrj9O1zmPm/HupwUiWBhoMTuSjLQzsBcEpxHgLQmUPRv2pxud8kq5DbuKdS2tLlBFMuKx4OLcs9x5RbNOfj5A==",
      "requires": {
        "buffer": "4.9.2",
        "events": "1.1.1",
        "ieee754": "1.1.13",
        "jmespath": "0.15.0",
        "querystring": "0.2.0",
        "sax": "1.2.1",
        "url": "0.10.3",
        "uuid": "3.3.2",
        "xml2js": "0.4.19"
      }
    },
    "base64-js": {
      "version": "1.5.1",
      "resolved": "https://registry.npmjs.org/base64-js/-/base64-js-1.5.1.tgz",
      "integrity": "sha512-AKpaYlHn8t4SVbOHCy+b5+KKgvR4vrsD8vbvrbiQJps7fKDTkjkDry6ji0rUJjC0kzbNePLwzxq8iypo41qeWA=="
    },
    "before-after-hook": {
      "version": "2.2.2",
      "resolved": "https://registry.npmjs.org/before-after-hook/-/before-after-hook-2.2.2.tgz",
      "integrity": "sha512-3pZEU3NT5BFUo/AD5ERPWOgQOCZITni6iavr5AUw5AUwQjMlI0kzu5btnyD39AF0gUEsDPwJT+oY1ORBJijPjQ=="
    },
    "buffer": {
      "version": "4.9.2",
      "resolved": "https://registry.npmjs.org/buffer/-/buffer-4.9.2.tgz",
      "integrity": "sha512-xq+q3SRMOxGivLhBNaUdC64hDTQwejJ+H0T/NB1XMtTVEwNTrfFF3gAxiyW0Bu/xWEGhjVKgUcMhCrUy2+uCWg==",
      "requires": {
        "base64-js": "^1.0.2",
        "ieee754": "^1.1.4",
        "isarray": "^1.0.0"
      }
    },
    "constructs": {
      "version": "3.3.140",
      "resolved": "https://registry.npmjs.org/constructs/-/constructs-3.3.140.tgz",
      "integrity": "sha512-s/yxs0BGLL4EsIOI2Cd1D9Lg9GjBk7wsEvvBM5te+SlXLeXksP64Vv+Udf84gB8WjzwTL+vQ/iwRSj0/EUWfYQ=="
    },
    "create-require": {
      "version": "1.1.1",
      "resolved": "https://registry.npmjs.org/create-require/-/create-require-1.1.1.tgz",
      "integrity": "sha512-dcKFX3jn0MpIaXjisoRvexIJVEKzaq7z2rZKxf+MSr9TkdmHmsU4m2lcLojrj/FHl8mk5VxMmYA+ftRkP/3oKQ==",
      "dev": true
    },
    "deprecation": {
      "version": "2.3.1",
      "resolved": "https://registry.npmjs.org/deprecation/-/deprecation-2.3.1.tgz",
      "integrity": "sha512-xmHIy4F3scKVwMsQ4WnVaS8bHOx0DmVwRywosKhaILI0ywMDWPtBSku2HNxRvF7jtwDRsoEwYQSfbxj8b7RlJQ=="
    },
    "diff": {
      "version": "4.0.2",
      "resolved": "https://registry.npmjs.org/diff/-/diff-4.0.2.tgz",
      "integrity": "sha512-58lmxKSA4BNyLz+HHMUzlOEpg09FV+ev6ZMe3vJihgdxzgcwZ8VoEEPmALCZG9LmqfVoNMMKpttIYTVG6uDY7A==",
      "dev": true
    },
    "events": {
      "version": "1.1.1",
      "resolved": "https://registry.npmjs.org/events/-/events-1.1.1.tgz",
      "integrity": "sha1-nr23Y1rQmccNzEwqH1AEKI6L2SQ="
    },
    "ieee754": {
      "version": "1.1.13",
      "resolved": "https://registry.npmjs.org/ieee754/-/ieee754-1.1.13.tgz",
      "integrity": "sha512-4vf7I2LYV/HaWerSo3XmlMkp5eZ83i+/CDluXi/IGTs/O1sejBNhTtnxzmRZfvOUqj7lZjqHkeTvpgSFDlWZTg=="
    },
    "is-plain-object": {
      "version": "5.0.0",
      "resolved": "https://registry.npmjs.org/is-plain-object/-/is-plain-object-5.0.0.tgz",
      "integrity": "sha512-VRSzKkbMm5jMDoKLbltAkFQ5Qr7VDiTFGXxYFXXowVj387GeGNOCsOH6Msy00SGZ3Fp84b1Naa1psqgcCIEP5Q=="
    },
    "isarray": {
      "version": "1.0.0",
      "resolved": "https://registry.npmjs.org/isarray/-/isarray-1.0.0.tgz",
      "integrity": "sha1-u5NdSFgsuhaMBoNJV6VKPgcSTxE="
    },
    "jmespath": {
      "version": "0.15.0",
      "resolved": "https://registry.npmjs.org/jmespath/-/jmespath-0.15.0.tgz",
      "integrity": "sha1-o/Iiqarp+Wb10nx5ZRDigJF2Qhc="
    },
    "make-error": {
      "version": "1.3.6",
      "resolved": "https://registry.npmjs.org/make-error/-/make-error-1.3.6.tgz",
      "integrity": "sha512-s8UhlNe7vPKomQhC1qFelMokr/Sc3AgNbso3n74mVPA5LTZwkB9NlXf4XPamLxJE8h0gh73rM94xvwRT2CVInw==",
      "dev": true
    },
    "node-fetch": {
      "version": "2.6.7",
      "resolved": "https://registry.npmjs.org/node-fetch/-/node-fetch-2.6.7.tgz",
      "integrity": "sha512-ZjMPFEfVx5j+y2yF35Kzx5sF7kDzxuDj6ziH4FFbOp87zKDZNx8yExJIb05OGF4Nlt9IHFIMBkRl41VdvcNdbQ==",
      "requires": {
        "whatwg-url": "^5.0.0"
      }
    },
    "once": {
      "version": "1.4.0",
      "resolved": "https://registry.npmjs.org/once/-/once-1.4.0.tgz",
      "integrity": "sha1-WDsap3WWHUsROsF9nFC6753Xa9E=",
      "requires": {
        "wrappy": "1"
      }
    },
    "punycode": {
      "version": "1.3.2",
      "resolved": "https://registry.npmjs.org/punycode/-/punycode-1.3.2.tgz",
      "integrity": "sha1-llOgNvt8HuQjQvIyXM7v6jkmxI0="
    },
    "querystring": {
      "version": "0.2.0",
      "resolved": "https://registry.npmjs.org/querystring/-/querystring-0.2.0.tgz",
      "integrity": "sha1-sgmEkgO7Jd+CDadW50cAWHhSFiA="
    },
    "sax": {
      "version": "1.2.1",
      "resolved": "https://registry.npmjs.org/sax/-/sax-1.2.1.tgz",
      "integrity": "sha1-e45lYZCyKOgaZq6nSEgNgozS03o="
    },
    "tr46": {
      "version": "0.0.3",
      "resolved": "https://registry.npmjs.org/tr46/-/tr46-0.0.3.tgz",
      "integrity": "sha512-N3WMsuqV66lT30CrXNbEjx4GEwlow3v6rr4mCcv6prnfwhS01rkgyFdjPNBYd9br7LpXV1+Emh01fHnq2Gdgrw=="
    },
    "ts-node": {
      "version": "10.2.1",
      "resolved": "https://registry.npmjs.org/ts-node/-/ts-node-10.2.1.tgz",
      "integrity": "sha512-hCnyOyuGmD5wHleOQX6NIjJtYVIO8bPP8F2acWkB4W06wdlkgyvJtubO/I9NkI88hCFECbsEgoLc0VNkYmcSfw==",
      "dev": true,
      "requires": {
        "@cspotcode/source-map-support": "0.6.1",
        "@tsconfig/node10": "^1.0.7",
        "@tsconfig/node12": "^1.0.7",
        "@tsconfig/node14": "^1.0.0",
        "@tsconfig/node16": "^1.0.2",
        "acorn": "^8.4.1",
        "acorn-walk": "^8.1.1",
        "arg": "^4.1.0",
        "create-require": "^1.1.0",
        "diff": "^4.0.1",
        "make-error": "^1.1.1",
        "yn": "3.1.1"
      }
    },
    "typescript": {
      "version": "4.4.2",
      "resolved": "https://registry.npmjs.org/typescript/-/typescript-4.4.2.tgz",
      "integrity": "sha512-gzP+t5W4hdy4c+68bfcv0t400HVJMMd2+H9B7gae1nQlBzCqvrXX+6GL/b3GAgyTH966pzrZ70/fRjwAtZksSQ==",
      "dev": true
    },
    "universal-user-agent": {
      "version": "6.0.0",
      "resolved": "https://registry.npmjs.org/universal-user-agent/-/universal-user-agent-6.0.0.tgz",
      "integrity": "sha512-isyNax3wXoKaulPDZWHQqbmIx1k2tb9fb3GGDBRxCscfYV2Ch7WxPArBsFEG8s/safwXTT7H4QGhaIkTp9447w=="
    },
    "url": {
      "version": "0.10.3",
      "resolved": "https://registry.npmjs.org/url/-/url-0.10.3.tgz",
      "integrity": "sha1-Ah5NnHcF8hu/N9A861h2dAJ3TGQ=",
      "requires": {
        "punycode": "1.3.2",
        "querystring": "0.2.0"
      }
    },
    "uuid": {
      "version": "3.3.2",
      "resolved": "https://registry.npmjs.org/uuid/-/uuid-3.3.2.tgz",
      "integrity": "sha512-yXJmeNaw3DnnKAOKJE51sL/ZaYfWJRl1pK9dr19YFCu0ObS231AB1/LbqTKRAQ5kw8A90rA6fr4riOUpTZvQZA=="
    },
    "webidl-conversions": {
      "version": "3.0.1",
      "resolved": "https://registry.npmjs.org/webidl-conversions/-/webidl-conversions-3.0.1.tgz",
      "integrity": "sha512-2JAn3z8AR6rjK8Sm8orRC0h/bcl/DqL7tRPdGZ4I1CjdF+EaMLmYxBHyXuKL849eucPFhvBoxMsflfOb8kxaeQ=="
    },
    "whatwg-url": {
      "version": "5.0.0",
      "resolved": "https://registry.npmjs.org/whatwg-url/-/whatwg-url-5.0.0.tgz",
      "integrity": "sha512-saE57nupxk6v3HY35+jzBwYa0rKSy0XR8JSxZPwgLr7ys0IBzhGviA1/TUGJLmSVqs8pb9AnvICXEuOHLprYTw==",
      "requires": {
        "tr46": "~0.0.3",
        "webidl-conversions": "^3.0.0"
      }
    },
    "wrappy": {
      "version": "1.0.2",
      "resolved": "https://registry.npmjs.org/wrappy/-/wrappy-1.0.2.tgz",
      "integrity": "sha1-tSQ9jz7BqjXxNkYFvA0QNuMKtp8="
    },
    "xml2js": {
      "version": "0.4.19",
      "resolved": "https://registry.npmjs.org/xml2js/-/xml2js-0.4.19.tgz",
      "integrity": "sha512-esZnJZJOiJR9wWKMyuvSE1y6Dq5LCuJanqhxslH2bxM6duahNZ+HMpCLhBQGZkbX6xRf8x1Y2eJlgt2q3qo49Q==",
      "requires": {
        "sax": ">=0.6.0",
        "xmlbuilder": "~9.0.1"
      }
    },
    "xmlbuilder": {
      "version": "9.0.7",
      "resolved": "https://registry.npmjs.org/xmlbuilder/-/xmlbuilder-9.0.7.tgz",
      "integrity": "sha1-Ey7mPS7FVlxVfiD0wi35rKaGsQ0="
    },
    "yn": {
      "version": "3.1.1",
      "resolved": "https://registry.npmjs.org/yn/-/yn-3.1.1.tgz",
      "integrity": "sha512-Ux4ygGWsu2c7isFWe8Yu1YluJmqVhxqK2cLXNQA5AcC3QfbGNpM7fu0Y8b/z16pXLnFxZYvWhd3fhBY9DLmC6Q==",
      "dev": true
    }
  }
}
